
Microsoft Visual Studio Solution File, Format Version 12.00
# Visual Studio Version 18
VisualStudioVersion = 18.4.11626.88 stable
MinimumVisualStudioVersion = 10.0.40219.1
Project("{FAE04EC0-301F-11D3-BF4B-00C04F79EFBC}") = "paper_checking_web", "paper_checking_web.csproj", "{67AB688E-BFB7-77E4-8DA1-C8056366CFD5}"
EndProject
Global
	GlobalSection(SolutionConfigurationPlatforms) = preSolution
		Debug|Any CPU = Debug|Any CPU
		Release|Any CPU = Release|Any CPU
	EndGlobalSection
	GlobalSection(ProjectConfigurationPlatforms) = postSolution
		{67AB688E-BFB7-77E4-8DA1-C8056366CFD5}.Debug|Any CPU.ActiveCfg = Debug|Any CPU
		{67AB688E-BFB7-77E4-8DA1-C8056366CFD5}.Debug|Any CPU.Build.0 = Debug|Any CPU
		{67AB688E-BFB7-77E4-8DA1-C8056366CFD5}.Release|Any CPU.ActiveCfg = Release|Any CPU
		{67AB688E-BFB7-77E4-8DA1-C8056366CFD5}.Release|Any CPU.Build.0 = Release|Any CPU
	EndGlobalSection
	GlobalSection(SolutionProperties) = preSolution
		HideSolutionNode = FALSE
	EndGlobalSection
	GlobalSection(ExtensibilityGlobals) = postSolution
		SolutionGuid = {0BFCE7B9-8AC9-4566-BE00-C79ED4119A1D}
	EndGlobalSection
EndGlobal
